// !$*UTF8*$!
{
	archiveVersion = 1;
	classes = {
	};
	objectVersion = 46;
	objects = {

/* Begin PBXBuildFile section */
		E932D23C1C70C69F007C74EF /* AlamofireObjectMapper.framework in Frameworks */ = {isa = PBXBuildFile; fileRef = E932D2291C70BC5E007C74EF /* AlamofireObjectMapper.framework */; };
		E932D23D1C70C69F007C74EF /* AlamofireObjectMapper.framework in Embed Frameworks */ = {isa = PBXBuildFile; fileRef = E932D2291C70BC5E007C74EF /* AlamofireObjectMapper.framework */; settings = {ATTRIBUTES = (CodeSignOnCopy, RemoveHeadersOnCopy, ); }; };
		E932D2401C70C6A4007C74EF /* Alamofire.framework in Frameworks */ = {isa = PBXBuildFile; fileRef = E9C3B4461C70B98C00629170 /* Alamofire.framework */; };
		E932D2411C70C6A4007C74EF /* Alamofire.framework in Embed Frameworks */ = {isa = PBXBuildFile; fileRef = E9C3B4461C70B98C00629170 /* Alamofire.framework */; settings = {ATTRIBUTES = (CodeSignOnCopy, RemoveHeadersOnCopy, ); }; };
		E932D2451C70DAA9007C74EF /* UserDto.swift in Sources */ = {isa = PBXBuildFile; fileRef = E932D2441C70DAA8007C74EF /* UserDto.swift */; };
		E932D2471C70EBFE007C74EF /* BankData.swift in Sources */ = {isa = PBXBuildFile; fileRef = E932D2461C70EBFE007C74EF /* BankData.swift */; };
		E9AA3AA11C6FAF6E0073C01A /* AppDelegate.swift in Sources */ = {isa = PBXBuildFile; fileRef = E9AA3AA01C6FAF6E0073C01A /* AppDelegate.swift */; };
		E9AA3AA31C6FAF6E0073C01A /* ViewController.swift in Sources */ = {isa = PBXBuildFile; fileRef = E9AA3AA21C6FAF6E0073C01A /* ViewController.swift */; };
		E9AA3AA61C6FAF6E0073C01A /* Main.storyboard in Resources */ = {isa = PBXBuildFile; fileRef = E9AA3AA41C6FAF6E0073C01A /* Main.storyboard */; };
		E9AA3AA81C6FAF6E0073C01A /* Assets.xcassets in Resources */ = {isa = PBXBuildFile; fileRef = E9AA3AA71C6FAF6E0073C01A /* Assets.xcassets */; };
		E9AA3AAB1C6FAF6E0073C01A /* LaunchScreen.storyboard in Resources */ = {isa = PBXBuildFile; fileRef = E9AA3AA91C6FAF6E0073C01A /* LaunchScreen.storyboard */; };
		E9AA3AB61C6FAF6E0073C01A /* iosPhonePeTests.swift in Sources */ = {isa = PBXBuildFile; fileRef = E9AA3AB51C6FAF6E0073C01A /* iosPhonePeTests.swift */; };
		E9AA3AC11C6FAF6E0073C01A /* iosPhonePeUITests.swift in Sources */ = {isa = PBXBuildFile; fileRef = E9AA3AC01C6FAF6E0073C01A /* iosPhonePeUITests.swift */; };
		E9AE3AF31C70615C0043E524 /* Account.swift in Sources */ = {isa = PBXBuildFile; fileRef = E9AE3AF21C70615C0043E524 /* Account.swift */; };
		E9AE3B161C70AE270043E524 /* BankDto.swift in Sources */ = {isa = PBXBuildFile; fileRef = E9AE3B151C70AE270043E524 /* BankDto.swift */; };
		E9AE3B331C70B1A10043E524 /* ObjectMapper.framework in Frameworks */ = {isa = PBXBuildFile; fileRef = E9AE3B041C70ACA60043E524 /* ObjectMapper.framework */; };
		E9AE3B341C70B1A10043E524 /* ObjectMapper.framework in Embed Frameworks */ = {isa = PBXBuildFile; fileRef = E9AE3B041C70ACA60043E524 /* ObjectMapper.framework */; settings = {ATTRIBUTES = (CodeSignOnCopy, RemoveHeadersOnCopy, ); }; };
		E9D4743A1C722B3400F9A2E4 /* ic_splash_symbol.png in Resources */ = {isa = PBXBuildFile; fileRef = E9D474391C722B3400F9A2E4 /* ic_splash_symbol.png */; };
		E9D4743C1C722CA600F9A2E4 /* LanguageController.swift in Sources */ = {isa = PBXBuildFile; fileRef = E9D4743B1C722CA600F9A2E4 /* LanguageController.swift */; };
		E9D474401C72476400F9A2E4 /* UserOnBoardingController.swift in Sources */ = {isa = PBXBuildFile; fileRef = E9D4743F1C72476400F9A2E4 /* UserOnBoardingController.swift */; };
		E9D474421C72507600F9A2E4 /* BankOnBoardingController.swift in Sources */ = {isa = PBXBuildFile; fileRef = E9D474411C72507600F9A2E4 /* BankOnBoardingController.swift */; };
		E9D474441C72537000F9A2E4 /* AccountManagementController.swift in Sources */ = {isa = PBXBuildFile; fileRef = E9D474431C72537000F9A2E4 /* AccountManagementController.swift */; };
/* End PBXBuildFile section */

/* Begin PBXContainerItemProxy section */
		E932D2281C70BC5E007C74EF /* PBXContainerItemProxy */ = {
			isa = PBXContainerItemProxy;
			containerPortal = E932D2171C70BC5D007C74EF /* AlamofireObjectMapper.xcodeproj */;
			proxyType = 2;
			remoteGlobalIDString = 6AB2A0111AF26C36001EBB20;
			remoteInfo = "AlamofireObjectMapper iOS";
		};
		E932D22A1C70BC5E007C74EF /* PBXContainerItemProxy */ = {
			isa = PBXContainerItemProxy;
			containerPortal = E932D2171C70BC5D007C74EF /* AlamofireObjectMapper.xcodeproj */;
			proxyType = 2;
			remoteGlobalIDString = 6AB2A01C1AF26C36001EBB20;
			remoteInfo = "AlamofireObjectMapperTests iOS";
		};
		E932D22C1C70BC5E007C74EF /* PBXContainerItemProxy */ = {
			isa = PBXContainerItemProxy;
			containerPortal = E932D2171C70BC5D007C74EF /* AlamofireObjectMapper.xcodeproj */;
			proxyType = 2;
			remoteGlobalIDString = 6AB2A0851AF27DF1001EBB20;
			remoteInfo = "AlamofireObjectMapper OSX";
		};
		E932D22E1C70BC5E007C74EF /* PBXContainerItemProxy */ = {
			isa = PBXContainerItemProxy;
			containerPortal = E932D2171C70BC5D007C74EF /* AlamofireObjectMapper.xcodeproj */;
			proxyType = 2;
			remoteGlobalIDString = 6AB2A08F1AF27DF1001EBB20;
			remoteInfo = "AlamofireObjectMapperTests OSX";
		};
		E932D2301C70BC5E007C74EF /* PBXContainerItemProxy */ = {
			isa = PBXContainerItemProxy;
			containerPortal = E932D2171C70BC5D007C74EF /* AlamofireObjectMapper.xcodeproj */;
			proxyType = 2;
			remoteGlobalIDString = 6AC692061BE3F69E004C119A;
			remoteInfo = "AlamofireObjectMapper tvOS";
		};
		E932D2321C70BC5E007C74EF /* PBXContainerItemProxy */ = {
			isa = PBXContainerItemProxy;
			containerPortal = E932D2171C70BC5D007C74EF /* AlamofireObjectMapper.xcodeproj */;
			proxyType = 2;
			remoteGlobalIDString = 6AC692121BE3F7F5004C119A;
			remoteInfo = "AlamofireObjectMapperTests tvOS";
		};
		E932D2341C70BC5E007C74EF /* PBXContainerItemProxy */ = {
			isa = PBXContainerItemProxy;
			containerPortal = E932D2171C70BC5D007C74EF /* AlamofireObjectMapper.xcodeproj */;
			proxyType = 2;
			remoteGlobalIDString = 6AC4580C1BA34C5600054758;
			remoteInfo = "AlamofireObjectMapper watchOS";
		};
		E932D23E1C70C69F007C74EF /* PBXContainerItemProxy */ = {
			isa = PBXContainerItemProxy;
			containerPortal = E932D2171C70BC5D007C74EF /* AlamofireObjectMapper.xcodeproj */;
			proxyType = 1;
			remoteGlobalIDString = 6AB2A0101AF26C36001EBB20;
			remoteInfo = "AlamofireObjectMapper iOS";
		};
		E932D2421C70C6A4007C74EF /* PBXContainerItemProxy */ = {
			isa = PBXContainerItemProxy;
			containerPortal = E9AE3AC61C703D600043E524 /* Alamofire.xcodeproj */;
			proxyType = 1;
			remoteGlobalIDString = F8111E3219A95C8B0040E7D1;
			remoteInfo = "Alamofire iOS";
		};
		E9AA3AB21C6FAF6E0073C01A /* PBXContainerItemProxy */ = {
			isa = PBXContainerItemProxy;
			containerPortal = E9AA3A951C6FAF6E0073C01A /* Project object */;
			proxyType = 1;
			remoteGlobalIDString = E9AA3A9C1C6FAF6E0073C01A;
			remoteInfo = iosPhonePe;
		};
		E9AA3ABD1C6FAF6E0073C01A /* PBXContainerItemProxy */ = {
			isa = PBXContainerItemProxy;
			containerPortal = E9AA3A951C6FAF6E0073C01A /* Project object */;
			proxyType = 1;
			remoteGlobalIDString = E9AA3A9C1C6FAF6E0073C01A;
			remoteInfo = iosPhonePe;
		};
		E9AE3B031C70ACA60043E524 /* PBXContainerItemProxy */ = {
			isa = PBXContainerItemProxy;
			containerPortal = E9AE3AF91C70ACA60043E524 /* ObjectMapper.xcodeproj */;
			proxyType = 2;
			remoteGlobalIDString = 6AAC8F7619F03C2900E7A677;
			remoteInfo = "ObjectMapper-iOS";
		};
		E9AE3B051C70ACA60043E524 /* PBXContainerItemProxy */ = {
			isa = PBXContainerItemProxy;
			containerPortal = E9AE3AF91C70ACA60043E524 /* ObjectMapper.xcodeproj */;
			proxyType = 2;
			remoteGlobalIDString = CD1602FF1AC023D5000CD69A;
			remoteInfo = "ObjectMapper-Mac";
		};
		E9AE3B071C70ACA60043E524 /* PBXContainerItemProxy */ = {
			isa = PBXContainerItemProxy;
			containerPortal = E9AE3AF91C70ACA60043E524 /* ObjectMapper.xcodeproj */;
			proxyType = 2;
			remoteGlobalIDString = 6A2AD03D1B2C78540097E150;
			remoteInfo = "ObjectMapper-watchOS";
		};
		E9AE3B091C70ACA60043E524 /* PBXContainerItemProxy */ = {
			isa = PBXContainerItemProxy;
			containerPortal = E9AE3AF91C70ACA60043E524 /* ObjectMapper.xcodeproj */;
			proxyType = 2;
			remoteGlobalIDString = 6A05B7A61BE274BE00F19B53;
			remoteInfo = "ObjectMapper-tvOS";
		};
		E9AE3B0B1C70ACA60043E524 /* PBXContainerItemProxy */ = {
			isa = PBXContainerItemProxy;
			containerPortal = E9AE3AF91C70ACA60043E524 /* ObjectMapper.xcodeproj */;
			proxyType = 2;
			remoteGlobalIDString = 6AAC8F8119F03C2900E7A677;
			remoteInfo = "ObjectMapper-iOSTests";
		};
		E9AE3B0D1C70ACA60043E524 /* PBXContainerItemProxy */ = {
			isa = PBXContainerItemProxy;
			containerPortal = E9AE3AF91C70ACA60043E524 /* ObjectMapper.xcodeproj */;
			proxyType = 2;
			remoteGlobalIDString = CD1603091AC023D6000CD69A;
			remoteInfo = "ObjectMapper-MacTests";
		};
		E9AE3B0F1C70ACA60043E524 /* PBXContainerItemProxy */ = {
			isa = PBXContainerItemProxy;
			containerPortal = E9AE3AF91C70ACA60043E524 /* ObjectMapper.xcodeproj */;
			proxyType = 2;
			remoteGlobalIDString = 6A05B7AF1BE274BE00F19B53;
			remoteInfo = "ObjectMapper-tvOSTests";
		};
		E9AE3B351C70B1A10043E524 /* PBXContainerItemProxy */ = {
			isa = PBXContainerItemProxy;
			containerPortal = E9AE3AF91C70ACA60043E524 /* ObjectMapper.xcodeproj */;
			proxyType = 1;
			remoteGlobalIDString = 6AAC8F7519F03C2900E7A677;
			remoteInfo = "ObjectMapper-iOS";
		};
		E9C3B4451C70B98C00629170 /* PBXContainerItemProxy */ = {
			isa = PBXContainerItemProxy;
			containerPortal = E9AE3AC61C703D600043E524 /* Alamofire.xcodeproj */;
			proxyType = 2;
			remoteGlobalIDString = F8111E3319A95C8B0040E7D1;
			remoteInfo = "Alamofire iOS";
		};
		E9C3B4471C70B98C00629170 /* PBXContainerItemProxy */ = {
			isa = PBXContainerItemProxy;
			containerPortal = E9AE3AC61C703D600043E524 /* Alamofire.xcodeproj */;
			proxyType = 2;
			remoteGlobalIDString = F8111E3E19A95C8B0040E7D1;
			remoteInfo = "Alamofire iOS Tests";
		};
		E9C3B4491C70B98C00629170 /* PBXContainerItemProxy */ = {
			isa = PBXContainerItemProxy;
			containerPortal = E9AE3AC61C703D600043E524 /* Alamofire.xcodeproj */;
			proxyType = 2;
			remoteGlobalIDString = 4DD67C0B1A5C55C900ED2280;
			remoteInfo = "Alamofire OSX";
		};
		E9C3B44B1C70B98C00629170 /* PBXContainerItemProxy */ = {
			isa = PBXContainerItemProxy;
			containerPortal = E9AE3AC61C703D600043E524 /* Alamofire.xcodeproj */;
			proxyType = 2;
			remoteGlobalIDString = F829C6B21A7A94F100A2CD59;
			remoteInfo = "Alamofire OSX Tests";
		};
		E9C3B44D1C70B98C00629170 /* PBXContainerItemProxy */ = {
			isa = PBXContainerItemProxy;
			containerPortal = E9AE3AC61C703D600043E524 /* Alamofire.xcodeproj */;
			proxyType = 2;
			remoteGlobalIDString = 4CF626EF1BA7CB3E0011A099;
			remoteInfo = "Alamofire tvOS";
		};
		E9C3B44F1C70B98C00629170 /* PBXContainerItemProxy */ = {
			isa = PBXContainerItemProxy;
			containerPortal = E9AE3AC61C703D600043E524 /* Alamofire.xcodeproj */;
			proxyType = 2;
			remoteGlobalIDString = 4CF626F81BA7CB3E0011A099;
			remoteInfo = "Alamofire tvOS Tests";
		};
		E9C3B4511C70B98C00629170 /* PBXContainerItemProxy */ = {
			isa = PBXContainerItemProxy;
			containerPortal = E9AE3AC61C703D600043E524 /* Alamofire.xcodeproj */;
			proxyType = 2;
			remoteGlobalIDString = E4202FE01B667AA100C997FB;
			remoteInfo = "Alamofire watchOS";
		};
/* End PBXContainerItemProxy section */

/* Begin PBXCopyFilesBuildPhase section */
		E9AE3AE21C703EC00043E524 /* Embed Frameworks */ = {
			isa = PBXCopyFilesBuildPhase;
			buildActionMask = 2147483647;
			dstPath = "";
			dstSubfolderSpec = 10;
			files = (
				E9AE3B341C70B1A10043E524 /* ObjectMapper.framework in Embed Frameworks */,
				E932D2411C70C6A4007C74EF /* Alamofire.framework in Embed Frameworks */,
				E932D23D1C70C69F007C74EF /* AlamofireObjectMapper.framework in Embed Frameworks */,
			);
			name = "Embed Frameworks";
			runOnlyForDeploymentPostprocessing = 0;
		};
/* End PBXCopyFilesBuildPhase section */

/* Begin PBXFileReference section */
		E932D2171C70BC5D007C74EF /* AlamofireObjectMapper.xcodeproj */ = {isa = PBXFileReference; lastKnownFileType = "wrapper.pb-project"; name = AlamofireObjectMapper.xcodeproj; path = ../AlamofireObjectMapper/AlamofireObjectMapper.xcodeproj; sourceTree = "<group>"; };
		E932D2441C70DAA8007C74EF /* UserDto.swift */ = {isa = PBXFileReference; fileEncoding = 4; lastKnownFileType = sourcecode.swift; path = UserDto.swift; sourceTree = "<group>"; };
		E932D2461C70EBFE007C74EF /* BankData.swift */ = {isa = PBXFileReference; fileEncoding = 4; lastKnownFileType = sourcecode.swift; path = BankData.swift; sourceTree = "<group>"; };
		E9AA3A9D1C6FAF6E0073C01A /* iosPhonePe.app */ = {isa = PBXFileReference; explicitFileType = wrapper.application; includeInIndex = 0; path = iosPhonePe.app; sourceTree = BUILT_PRODUCTS_DIR; };
		E9AA3AA01C6FAF6E0073C01A /* AppDelegate.swift */ = {isa = PBXFileReference; lastKnownFileType = sourcecode.swift; path = AppDelegate.swift; sourceTree = "<group>"; };
		E9AA3AA21C6FAF6E0073C01A /* ViewController.swift */ = {isa = PBXFileReference; lastKnownFileType = sourcecode.swift; path = ViewController.swift; sourceTree = "<group>"; };
		E9AA3AA51C6FAF6E0073C01A /* Base */ = {isa = PBXFileReference; lastKnownFileType = file.storyboard; name = Base; path = Base.lproj/Main.storyboard; sourceTree = "<group>"; };
		E9AA3AA71C6FAF6E0073C01A /* Assets.xcassets */ = {isa = PBXFileReference; lastKnownFileType = folder.assetcatalog; path = Assets.xcassets; sourceTree = "<group>"; };
		E9AA3AAA1C6FAF6E0073C01A /* Base */ = {isa = PBXFileReference; lastKnownFileType = file.storyboard; name = Base; path = Base.lproj/LaunchScreen.storyboard; sourceTree = "<group>"; };
		E9AA3AAC1C6FAF6E0073C01A /* Info.plist */ = {isa = PBXFileReference; lastKnownFileType = text.plist.xml; path = Info.plist; sourceTree = "<group>"; };
		E9AA3AB11C6FAF6E0073C01A /* iosPhonePeTests.xctest */ = {isa = PBXFileReference; explicitFileType = wrapper.cfbundle; includeInIndex = 0; path = iosPhonePeTests.xctest; sourceTree = BUILT_PRODUCTS_DIR; };
		E9AA3AB51C6FAF6E0073C01A /* iosPhonePeTests.swift */ = {isa = PBXFileReference; lastKnownFileType = sourcecode.swift; path = iosPhonePeTests.swift; sourceTree = "<group>"; };
		E9AA3AB71C6FAF6E0073C01A /* Info.plist */ = {isa = PBXFileReference; lastKnownFileType = text.plist.xml; path = Info.plist; sourceTree = "<group>"; };
		E9AA3ABC1C6FAF6E0073C01A /* iosPhonePeUITests.xctest */ = {isa = PBXFileReference; explicitFileType = wrapper.cfbundle; includeInIndex = 0; path = iosPhonePeUITests.xctest; sourceTree = BUILT_PRODUCTS_DIR; };
		E9AA3AC01C6FAF6E0073C01A /* iosPhonePeUITests.swift */ = {isa = PBXFileReference; lastKnownFileType = sourcecode.swift; path = iosPhonePeUITests.swift; sourceTree = "<group>"; };
		E9AA3AC21C6FAF6E0073C01A /* Info.plist */ = {isa = PBXFileReference; lastKnownFileType = text.plist.xml; path = Info.plist; sourceTree = "<group>"; };
		E9AE3AC61C703D600043E524 /* Alamofire.xcodeproj */ = {isa = PBXFileReference; lastKnownFileType = "wrapper.pb-project"; name = Alamofire.xcodeproj; path = /Users/prasadpai/Projects/iosPhonePe/../Alamofire/Alamofire.xcodeproj; sourceTree = "<absolute>"; };
		E9AE3AF21C70615C0043E524 /* Account.swift */ = {isa = PBXFileReference; fileEncoding = 4; lastKnownFileType = sourcecode.swift; path = Account.swift; sourceTree = "<group>"; };
		E9AE3AF91C70ACA60043E524 /* ObjectMapper.xcodeproj */ = {isa = PBXFileReference; lastKnownFileType = "wrapper.pb-project"; name = ObjectMapper.xcodeproj; path = ../ObjectMapper/ObjectMapper.xcodeproj; sourceTree = "<group>"; };
		E9AE3B151C70AE270043E524 /* BankDto.swift */ = {isa = PBXFileReference; fileEncoding = 4; lastKnownFileType = sourcecode.swift; path = BankDto.swift; sourceTree = "<group>"; };
		E9D474391C722B3400F9A2E4 /* ic_splash_symbol.png */ = {isa = PBXFileReference; lastKnownFileType = image.png; path = ic_splash_symbol.png; sourceTree = "<group>"; };
		E9D4743B1C722CA600F9A2E4 /* LanguageController.swift */ = {isa = PBXFileReference; fileEncoding = 4; lastKnownFileType = sourcecode.swift; path = LanguageController.swift; sourceTree = "<group>"; };
		E9D4743F1C72476400F9A2E4 /* UserOnBoardingController.swift */ = {isa = PBXFileReference; fileEncoding = 4; lastKnownFileType = sourcecode.swift; path = UserOnBoardingController.swift; sourceTree = "<group>"; };
		E9D474411C72507600F9A2E4 /* BankOnBoardingController.swift */ = {isa = PBXFileReference; fileEncoding = 4; lastKnownFileType = sourcecode.swift; path = BankOnBoardingController.swift; sourceTree = "<group>"; };
		E9D474431C72537000F9A2E4 /* AccountManagementController.swift */ = {isa = PBXFileReference; fileEncoding = 4; lastKnownFileType = sourcecode.swift; path = AccountManagementController.swift; sourceTree = "<group>"; };
/* End PBXFileReference section */

/* Begin PBXFrameworksBuildPhase section */
		E9AA3A9A1C6FAF6E0073C01A /* Frameworks */ = {
			isa = PBXFrameworksBuildPhase;
			buildActionMask = 2147483647;
			files = (
				E9AE3B331C70B1A10043E524 /* ObjectMapper.framework in Frameworks */,
				E932D2401C70C6A4007C74EF /* Alamofire.framework in Frameworks */,
				E932D23C1C70C69F007C74EF /* AlamofireObjectMapper.framework in Frameworks */,
			);
			runOnlyForDeploymentPostprocessing = 0;
		};
		E9AA3AAE1C6FAF6E0073C01A /* Frameworks */ = {
			isa = PBXFrameworksBuildPhase;
			buildActionMask = 2147483647;
			files = (
			);
			runOnlyForDeploymentPostprocessing = 0;
		};
		E9AA3AB91C6FAF6E0073C01A /* Frameworks */ = {
			isa = PBXFrameworksBuildPhase;
			buildActionMask = 2147483647;
			files = (
			);
			runOnlyForDeploymentPostprocessing = 0;
		};
/* End PBXFrameworksBuildPhase section */

/* Begin PBXGroup section */
		E932D2181C70BC5D007C74EF /* Products */ = {
			isa = PBXGroup;
			children = (
				E932D2291C70BC5E007C74EF /* AlamofireObjectMapper.framework */,
				E932D22B1C70BC5E007C74EF /* AlamofireObjectMapperTests iOS.xctest */,
				E932D22D1C70BC5E007C74EF /* AlamofireObjectMapper.framework */,
				E932D22F1C70BC5E007C74EF /* AlamofireObjectMapperTests OSX.xctest */,
				E932D2311C70BC5E007C74EF /* AlamofireObjectMapper.framework */,
				E932D2331C70BC5E007C74EF /* AlamofireObjectMapperTests tvOS.xctest */,
				E932D2351C70BC5E007C74EF /* AlamofireObjectMapper.framework */,
			);
			name = Products;
			sourceTree = "<group>";
		};
		E9AA3A941C6FAF6E0073C01A = {
			isa = PBXGroup;
			children = (
				E932D2171C70BC5D007C74EF /* AlamofireObjectMapper.xcodeproj */,
				E9AE3AF91C70ACA60043E524 /* ObjectMapper.xcodeproj */,
				E9AE3AC61C703D600043E524 /* Alamofire.xcodeproj */,
				E9AA3A9F1C6FAF6E0073C01A /* iosPhonePe */,
				E9AA3AB41C6FAF6E0073C01A /* iosPhonePeTests */,
				E9AA3ABF1C6FAF6E0073C01A /* iosPhonePeUITests */,
				E9AA3A9E1C6FAF6E0073C01A /* Products */,
			);
			sourceTree = "<group>";
		};
		E9AA3A9E1C6FAF6E0073C01A /* Products */ = {
			isa = PBXGroup;
			children = (
				E9AA3A9D1C6FAF6E0073C01A /* iosPhonePe.app */,
				E9AA3AB11C6FAF6E0073C01A /* iosPhonePeTests.xctest */,
				E9AA3ABC1C6FAF6E0073C01A /* iosPhonePeUITests.xctest */,
			);
			name = Products;
			sourceTree = "<group>";
		};
		E9AA3A9F1C6FAF6E0073C01A /* iosPhonePe */ = {
			isa = PBXGroup;
			children = (
				E9AA3AA01C6FAF6E0073C01A /* AppDelegate.swift */,
				E9D474391C722B3400F9A2E4 /* ic_splash_symbol.png */,
				E9AA3AA21C6FAF6E0073C01A /* ViewController.swift */,
				E9AA3AA41C6FAF6E0073C01A /* Main.storyboard */,
				E9AA3AA71C6FAF6E0073C01A /* Assets.xcassets */,
				E9AA3AA91C6FAF6E0073C01A /* LaunchScreen.storyboard */,
				E9AA3AAC1C6FAF6E0073C01A /* Info.plist */,
				E9AE3AF21C70615C0043E524 /* Account.swift */,
				E9AE3B151C70AE270043E524 /* BankDto.swift */,
				E932D2441C70DAA8007C74EF /* UserDto.swift */,
				E932D2461C70EBFE007C74EF /* BankData.swift */,
				E9D4743B1C722CA600F9A2E4 /* LanguageController.swift */,
				E9D4743F1C72476400F9A2E4 /* UserOnBoardingController.swift */,
				E9D474411C72507600F9A2E4 /* BankOnBoardingController.swift */,
				E9D474431C72537000F9A2E4 /* AccountManagementController.swift */,
			);
			path = iosPhonePe;
			sourceTree = "<group>";
		};
		E9AA3AB41C6FAF6E0073C01A /* iosPhonePeTests */ = {
			isa = PBXGroup;
			children = (
				E9AA3AB51C6FAF6E0073C01A /* iosPhonePeTests.swift */,
				E9AA3AB71C6FAF6E0073C01A /* Info.plist */,
			);
			path = iosPhonePeTests;
			sourceTree = "<group>";
		};
		E9AA3ABF1C6FAF6E0073C01A /* iosPhonePeUITests */ = {
			isa = PBXGroup;
			children = (
				E9AA3AC01C6FAF6E0073C01A /* iosPhonePeUITests.swift */,
				E9AA3AC21C6FAF6E0073C01A /* Info.plist */,
			);
			path = iosPhonePeUITests;
			sourceTree = "<group>";
		};
		E9AE3AFA1C70ACA60043E524 /* Products */ = {
			isa = PBXGroup;
			children = (
				E9AE3B041C70ACA60043E524 /* ObjectMapper.framework */,
				E9AE3B061C70ACA60043E524 /* ObjectMapper.framework */,
				E9AE3B081C70ACA60043E524 /* ObjectMapper.framework */,
				E9AE3B0A1C70ACA60043E524 /* ObjectMapper.framework */,
				E9AE3B0C1C70ACA60043E524 /* ObjectMapper-iOSTests.xctest */,
				E9AE3B0E1C70ACA60043E524 /* ObjectMapper-MacTests.xctest */,
				E9AE3B101C70ACA60043E524 /* ObjectMapper-tvOSTests.xctest */,
			);
			name = Products;
			sourceTree = "<group>";
		};
		E9C3B43C1C70B98A00629170 /* Products */ = {
			isa = PBXGroup;
			children = (
				E9C3B4461C70B98C00629170 /* Alamofire.framework */,
				E9C3B4481C70B98C00629170 /* Alamofire iOS Tests.xctest */,
				E9C3B44A1C70B98C00629170 /* Alamofire.framework */,
				E9C3B44C1C70B98C00629170 /* Alamofire OSX Tests.xctest */,
				E9C3B44E1C70B98C00629170 /* Alamofire.framework */,
				E9C3B4501C70B98C00629170 /* Alamofire tvOS Tests.xctest */,
				E9C3B4521C70B98C00629170 /* Alamofire.framework */,
			);
			name = Products;
			sourceTree = "<group>";
		};
/* End PBXGroup section */

/* Begin PBXNativeTarget section */
		E9AA3A9C1C6FAF6E0073C01A /* iosPhonePe */ = {
			isa = PBXNativeTarget;
			buildConfigurationList = E9AA3AC51C6FAF6E0073C01A /* Build configuration list for PBXNativeTarget "iosPhonePe" */;
			buildPhases = (
				E9AA3A991C6FAF6E0073C01A /* Sources */,
				E9AA3A9A1C6FAF6E0073C01A /* Frameworks */,
				E9AA3A9B1C6FAF6E0073C01A /* Resources */,
				E9AE3AE21C703EC00043E524 /* Embed Frameworks */,
			);
			buildRules = (
			);
			dependencies = (
				E9AE3B361C70B1A10043E524 /* PBXTargetDependency */,
				E932D23F1C70C69F007C74EF /* PBXTargetDependency */,
				E932D2431C70C6A4007C74EF /* PBXTargetDependency */,
			);
			name = iosPhonePe;
			productName = iosPhonePe;
			productReference = E9AA3A9D1C6FAF6E0073C01A /* iosPhonePe.app */;
			productType = "com.apple.product-type.application";
		};
		E9AA3AB01C6FAF6E0073C01A /* iosPhonePeTests */ = {
			isa = PBXNativeTarget;
			buildConfigurationList = E9AA3AC81C6FAF6E0073C01A /* Build configuration list for PBXNativeTarget "iosPhonePeTests" */;
			buildPhases = (
				E9AA3AAD1C6FAF6E0073C01A /* Sources */,
				E9AA3AAE1C6FAF6E0073C01A /* Frameworks */,
				E9AA3AAF1C6FAF6E0073C01A /* Resources */,
			);
			buildRules = (
			);
			dependencies = (
				E9AA3AB31C6FAF6E0073C01A /* PBXTargetDependency */,
			);
			name = iosPhonePeTests;
			productName = iosPhonePeTests;
			productReference = E9AA3AB11C6FAF6E0073C01A /* iosPhonePeTests.xctest */;
			productType = "com.apple.product-type.bundle.unit-test";
		};
		E9AA3ABB1C6FAF6E0073C01A /* iosPhonePeUITests */ = {
			isa = PBXNativeTarget;
			buildConfigurationList = E9AA3ACB1C6FAF6E0073C01A /* Build configuration list for PBXNativeTarget "iosPhonePeUITests" */;
			buildPhases = (
				E9AA3AB81C6FAF6E0073C01A /* Sources */,
				E9AA3AB91C6FAF6E0073C01A /* Frameworks */,
				E9AA3ABA1C6FAF6E0073C01A /* Resources */,
			);
			buildRules = (
			);
			dependencies = (
				E9AA3ABE1C6FAF6E0073C01A /* PBXTargetDependency */,
			);
			name = iosPhonePeUITests;
			productName = iosPhonePeUITests;
			productReference = E9AA3ABC1C6FAF6E0073C01A /* iosPhonePeUITests.xctest */;
			productType = "com.apple.product-type.bundle.ui-testing";
		};
/* End PBXNativeTarget section */

/* Begin PBXProject section */
		E9AA3A951C6FAF6E0073C01A /* Project object */ = {
			isa = PBXProject;
			attributes = {
				LastSwiftUpdateCheck = 0720;
				LastUpgradeCheck = 0720;
				ORGANIZATIONNAME = "Prasad Pai";
				TargetAttributes = {
					E9AA3A9C1C6FAF6E0073C01A = {
						CreatedOnToolsVersion = 7.2.1;
						DevelopmentTeam = 6MMM5KGV4Y;
					};
					E9AA3AB01C6FAF6E0073C01A = {
						CreatedOnToolsVersion = 7.2.1;
						TestTargetID = E9AA3A9C1C6FAF6E0073C01A;
					};
					E9AA3ABB1C6FAF6E0073C01A = {
						CreatedOnToolsVersion = 7.2.1;
						TestTargetID = E9AA3A9C1C6FAF6E0073C01A;
					};
				};
			};
			buildConfigurationList = E9AA3A981C6FAF6E0073C01A /* Build configuration list for PBXProject "iosPhonePe" */;
			compatibilityVersion = "Xcode 3.2";
			developmentRegion = English;
			hasScannedForEncodings = 0;
			knownRegions = (
				en,
				Base,
			);
			mainGroup = E9AA3A941C6FAF6E0073C01A;
			productRefGroup = E9AA3A9E1C6FAF6E0073C01A /* Products */;
			projectDirPath = "";
			projectReferences = (
				{
					ProductGroup = E9C3B43C1C70B98A00629170 /* Products */;
					ProjectRef = E9AE3AC61C703D600043E524 /* Alamofire.xcodeproj */;
				},
				{
					ProductGroup = E932D2181C70BC5D007C74EF /* Products */;
					ProjectRef = E932D2171C70BC5D007C74EF /* AlamofireObjectMapper.xcodeproj */;
				},
				{
					ProductGroup = E9AE3AFA1C70ACA60043E524 /* Products */;
					ProjectRef = E9AE3AF91C70ACA60043E524 /* ObjectMapper.xcodeproj */;
				},
			);
			projectRoot = "";
			targets = (
				E9AA3A9C1C6FAF6E0073C01A /* iosPhonePe */,
				E9AA3AB01C6FAF6E0073C01A /* iosPhonePeTests */,
				E9AA3ABB1C6FAF6E0073C01A /* iosPhonePeUITests */,
			);
		};
/* End PBXProject section */

/* Begin PBXReferenceProxy section */
		E932D2291C70BC5E007C74EF /* AlamofireObjectMapper.framework */ = {
			isa = PBXReferenceProxy;
			fileType = wrapper.framework;
			path = AlamofireObjectMapper.framework;
			remoteRef = E932D2281C70BC5E007C74EF /* PBXContainerItemProxy */;
			sourceTree = BUILT_PRODUCTS_DIR;
		};
		E932D22B1C70BC5E007C74EF /* AlamofireObjectMapperTests iOS.xctest */ = {
			isa = PBXReferenceProxy;
			fileType = wrapper.cfbundle;
			path = "AlamofireObjectMapperTests iOS.xctest";
			remoteRef = E932D22A1C70BC5E007C74EF /* PBXContainerItemProxy */;
			sourceTree = BUILT_PRODUCTS_DIR;
		};
		E932D22D1C70BC5E007C74EF /* AlamofireObjectMapper.framework */ = {
			isa = PBXReferenceProxy;
			fileType = wrapper.framework;
			path = AlamofireObjectMapper.framework;
			remoteRef = E932D22C1C70BC5E007C74EF /* PBXContainerItemProxy */;
			sourceTree = BUILT_PRODUCTS_DIR;
		};
		E932D22F1C70BC5E007C74EF /* AlamofireObjectMapperTests OSX.xctest */ = {
			isa = PBXReferenceProxy;
			fileType = wrapper.cfbundle;
			path = "AlamofireObjectMapperTests OSX.xctest";
			remoteRef = E932D22E1C70BC5E007C74EF /* PBXContainerItemProxy */;
			sourceTree = BUILT_PRODUCTS_DIR;
		};
		E932D2311C70BC5E007C74EF /* AlamofireObjectMapper.framework */ = {
			isa = PBXReferenceProxy;
			fileType = wrapper.framework;
			path = AlamofireObjectMapper.framework;
			remoteRef = E932D2301C70BC5E007C74EF /* PBXContainerItemProxy */;
			sourceTree = BUILT_PRODUCTS_DIR;
		};
		E932D2331C70BC5E007C74EF /* AlamofireObjectMapperTests tvOS.xctest */ = {
			isa = PBXReferenceProxy;
			fileType = wrapper.cfbundle;
			path = "AlamofireObjectMapperTests tvOS.xctest";
			remoteRef = E932D2321C70BC5E007C74EF /* PBXContainerItemProxy */;
			sourceTree = BUILT_PRODUCTS_DIR;
		};
		E932D2351C70BC5E007C74EF /* AlamofireObjectMapper.framework */ = {
			isa = PBXReferenceProxy;
			fileType = wrapper.framework;
			path = AlamofireObjectMapper.framework;
			remoteRef = E932D2341C70BC5E007C74EF /* PBXContainerItemProxy */;
			sourceTree = BUILT_PRODUCTS_DIR;
		};
		E9AE3B041C70ACA60043E524 /* ObjectMapper.framework */ = {
			isa = PBXReferenceProxy;
			fileType = wrapper.framework;
			path = ObjectMapper.framework;
			remoteRef = E9AE3B031C70ACA60043E524 /* PBXContainerItemProxy */;
			sourceTree = BUILT_PRODUCTS_DIR;
		};
		E9AE3B061C70ACA60043E524 /* ObjectMapper.framework */ = {
			isa = PBXReferenceProxy;
			fileType = wrapper.framework;
			path = ObjectMapper.framework;
			remoteRef = E9AE3B051C70ACA60043E524 /* PBXContainerItemProxy */;
			sourceTree = BUILT_PRODUCTS_DIR;
		};
		E9AE3B081C70ACA60043E524 /* ObjectMapper.framework */ = {
			isa = PBXReferenceProxy;
			fileType = wrapper.framework;
			path = ObjectMapper.framework;
			remoteRef = E9AE3B071C70ACA60043E524 /* PBXContainerItemProxy */;
			sourceTree = BUILT_PRODUCTS_DIR;
		};
		E9AE3B0A1C70ACA60043E524 /* ObjectMapper.framework */ = {
			isa = PBXReferenceProxy;
			fileType = wrapper.framework;
			path = ObjectMapper.framework;
			remoteRef = E9AE3B091C70ACA60043E524 /* PBXContainerItemProxy */;
			sourceTree = BUILT_PRODUCTS_DIR;
		};
		E9AE3B0C1C70ACA60043E524 /* ObjectMapper-iOSTests.xctest */ = {
			isa = PBXReferenceProxy;
			fileType = wrapper.cfbundle;
			path = "ObjectMapper-iOSTests.xctest";
			remoteRef = E9AE3B0B1C70ACA60043E524 /* PBXContainerItemProxy */;
			sourceTree = BUILT_PRODUCTS_DIR;
		};
		E9AE3B0E1C70ACA60043E524 /* ObjectMapper-MacTests.xctest */ = {
			isa = PBXReferenceProxy;
			fileType = wrapper.cfbundle;
			path = "ObjectMapper-MacTests.xctest";
			remoteRef = E9AE3B0D1C70ACA60043E524 /* PBXContainerItemProxy */;
			sourceTree = BUILT_PRODUCTS_DIR;
		};
		E9AE3B101C70ACA60043E524 /* ObjectMapper-tvOSTests.xctest */ = {
			isa = PBXReferenceProxy;
			fileType = wrapper.cfbundle;
			path = "ObjectMapper-tvOSTests.xctest";
			remoteRef = E9AE3B0F1C70ACA60043E524 /* PBXContainerItemProxy */;
			sourceTree = BUILT_PRODUCTS_DIR;
		};
		E9C3B4461C70B98C00629170 /* Alamofire.framework */ = {
			isa = PBXReferenceProxy;
			fileType = wrapper.framework;
			path = Alamofire.framework;
			remoteRef = E9C3B4451C70B98C00629170 /* PBXContainerItemProxy */;
			sourceTree = BUILT_PRODUCTS_DIR;
		};
		E9C3B4481C70B98C00629170 /* Alamofire iOS Tests.xctest */ = {
			isa = PBXReferenceProxy;
			fileType = wrapper.cfbundle;
			path = "Alamofire iOS Tests.xctest";
			remoteRef = E9C3B4471C70B98C00629170 /* PBXContainerItemProxy */;
			sourceTree = BUILT_PRODUCTS_DIR;
		};
		E9C3B44A1C70B98C00629170 /* Alamofire.framework */ = {
			isa = PBXReferenceProxy;
			fileType = wrapper.framework;
			path = Alamofire.framework;
			remoteRef = E9C3B4491C70B98C00629170 /* PBXContainerItemProxy */;
			sourceTree = BUILT_PRODUCTS_DIR;
		};
		E9C3B44C1C70B98C00629170 /* Alamofire OSX Tests.xctest */ = {
			isa = PBXReferenceProxy;
			fileType = wrapper.cfbundle;
			path = "Alamofire OSX Tests.xctest";
			remoteRef = E9C3B44B1C70B98C00629170 /* PBXContainerItemProxy */;
			sourceTree = BUILT_PRODUCTS_DIR;
		};
		E9C3B44E1C70B98C00629170 /* Alamofire.framework */ = {
			isa = PBXReferenceProxy;
			fileType = wrapper.framework;
			path = Alamofire.framework;
			remoteRef = E9C3B44D1C70B98C00629170 /* PBXContainerItemProxy */;
			sourceTree = BUILT_PRODUCTS_DIR;
		};
		E9C3B4501C70B98C00629170 /* Alamofire tvOS Tests.xctest */ = {
			isa = PBXReferenceProxy;
			fileType = wrapper.cfbundle;
			path = "Alamofire tvOS Tests.xctest";
			remoteRef = E9C3B44F1C70B98C00629170 /* PBXContainerItemProxy */;
			sourceTree = BUILT_PRODUCTS_DIR;
		};
		E9C3B4521C70B98C00629170 /* Alamofire.framework */ = {
			isa = PBXReferenceProxy;
			fileType = wrapper.framework;
			path = Alamofire.framework;
			remoteRef = E9C3B4511C70B98C00629170 /* PBXContainerItemProxy */;
			sourceTree = BUILT_PRODUCTS_DIR;
		};
/* End PBXReferenceProxy section */

/* Begin PBXResourcesBuildPhase section */
		E9AA3A9B1C6FAF6E0073C01A /* Resources */ = {
			isa = PBXResourcesBuildPhase;
			buildActionMask = 2147483647;
			files = (
				E9AA3AAB1C6FAF6E0073C01A /* LaunchScreen.storyboard in Resources */,
				E9AA3AA81C6FAF6E0073C01A /* Assets.xcassets in Resources */,
				E9D4743A1C722B3400F9A2E4 /* ic_splash_symbol.png in Resources */,
				E9AA3AA61C6FAF6E0073C01A /* Main.storyboard in Resources */,
			);
			runOnlyForDeploymentPostprocessing = 0;
		};
		E9AA3AAF1C6FAF6E0073C01A /* Resources */ = {
			isa = PBXResourcesBuildPhase;
			buildActionMask = 2147483647;
			files = (
			);
			runOnlyForDeploymentPostprocessing = 0;
		};
		E9AA3ABA1C6FAF6E0073C01A /* Resources */ = {
			isa = PBXResourcesBuildPhase;
			buildActionMask = 2147483647;
			files = (
			);
			runOnlyForDeploymentPostprocessing = 0;
		};
/* End PBXResourcesBuildPhase section */

/* Begin PBXSourcesBuildPhase section */
		E9AA3A991C6FAF6E0073C01A /* Sources */ = {
			isa = PBXSourcesBuildPhase;
			buildActionMask = 2147483647;
			files = (
				E9D4743C1C722CA600F9A2E4 /* LanguageController.swift in Sources */,
				E9AA3AA31C6FAF6E0073C01A /* ViewController.swift in Sources */,
				E9AA3AA11C6FAF6E0073C01A /* AppDelegate.swift in Sources */,
				E932D2451C70DAA9007C74EF /* UserDto.swift in Sources */,
				E9AE3AF31C70615C0043E524 /* Account.swift in Sources */,
				E9AE3B161C70AE270043E524 /* BankDto.swift in Sources */,
				E9D474441C72537000F9A2E4 /* AccountManagementController.swift in Sources */,
				E932D2471C70EBFE007C74EF /* BankData.swift in Sources */,
				E9D474421C72507600F9A2E4 /* BankOnBoardingController.swift in Sources */,
				E9D474401C72476400F9A2E4 /* UserOnBoardingController.swift in Sources */,
			);
			runOnlyForDeploymentPostprocessing = 0;
		};
		E9AA3AAD1C6FAF6E0073C01A /* Sources */ = {
			isa = PBXSourcesBuildPhase;
			buildActionMask = 2147483647;
			files = (
				E9AA3AB61C6FAF6E0073C01A /* iosPhonePeTests.swift in Sources */,
			);
			runOnlyForDeploymentPostprocessing = 0;
		};
		E9AA3AB81C6FAF6E0073C01A /* Sources */ = {
			isa = PBXSourcesBuildPhase;
			buildActionMask = 2147483647;
			files = (
				E9AA3AC11C6FAF6E0073C01A /* iosPhonePeUITests.swift in Sources */,
			);
			runOnlyForDeploymentPostprocessing = 0;
		};
/* End PBXSourcesBuildPhase section */

/* Begin PBXTargetDependency section */
		E932D23F1C70C69F007C74EF /* PBXTargetDependency */ = {
			isa = PBXTargetDependency;
			name = "AlamofireObjectMapper iOS";
			targetProxy = E932D23E1C70C69F007C74EF /* PBXContainerItemProxy */;
		};
		E932D2431C70C6A4007C74EF /* PBXTargetDependency */ = {
			isa = PBXTargetDependency;
			name = "Alamofire iOS";
			targetProxy = E932D2421C70C6A4007C74EF /* PBXContainerItemProxy */;
		};
		E9AA3AB31C6FAF6E0073C01A /* PBXTargetDependency */ = {
			isa = PBXTargetDependency;
			target = E9AA3A9C1C6FAF6E0073C01A /* iosPhonePe */;
			targetProxy = E9AA3AB21C6FAF6E0073C01A /* PBXContainerItemProxy */;
		};
		E9AA3ABE1C6FAF6E0073C01A /* PBXTargetDependency */ = {
			isa = PBXTargetDependency;
			target = E9AA3A9C1C6FAF6E0073C01A /* iosPhonePe */;
			targetProxy = E9AA3ABD1C6FAF6E0073C01A /* PBXContainerItemProxy */;
		};
		E9AE3B361C70B1A10043E524 /* PBXTargetDependency */ = {
			isa = PBXTargetDependency;
			name = "ObjectMapper-iOS";
			targetProxy = E9AE3B351C70B1A10043E524 /* PBXContainerItemProxy */;
		};
/* End PBXTargetDependency section */

/* Begin PBXVariantGroup section */
		E9AA3AA41C6FAF6E0073C01A /* Main.storyboard */ = {
			isa = PBXVariantGroup;
			children = (
				E9AA3AA51C6FAF6E0073C01A /* Base */,
			);
			name = Main.storyboard;
			sourceTree = "<group>";
		};
		E9AA3AA91C6FAF6E0073C01A /* LaunchScreen.storyboard */ = {
			isa = PBXVariantGroup;
			children = (
				E9AA3AAA1C6FAF6E0073C01A /* Base */,
			);
			name = LaunchScreen.storyboard;
			sourceTree = "<group>";
		};
/* End PBXVariantGroup section */

/* Begin XCBuildConfiguration section */
		E9AA3AC31C6FAF6E0073C01A /* Debug */ = {
			isa = XCBuildConfiguration;
			buildSettings = {
				ALWAYS_SEARCH_USER_PATHS = NO;
				CLANG_CXX_LANGUAGE_STANDARD = "gnu++0x";
				CLANG_CXX_LIBRARY = "libc++";
				CLANG_ENABLE_MODULES = YES;
				CLANG_ENABLE_OBJC_ARC = YES;
				CLANG_WARN_BOOL_CONVERSION = YES;
				CLANG_WARN_CONSTANT_CONVERSION = YES;
				CLANG_WARN_DIRECT_OBJC_ISA_USAGE = YES_ERROR;
				CLANG_WARN_EMPTY_BODY = YES;
				CLANG_WARN_ENUM_CONVERSION = YES;
				CLANG_WARN_INT_CONVERSION = YES;
				CLANG_WARN_OBJC_ROOT_CLASS = YES_ERROR;
				CLANG_WARN_UNREACHABLE_CODE = YES;
				CLANG_WARN__DUPLICATE_METHOD_MATCH = YES;
				"CODE_SIGN_IDENTITY[sdk=iphoneos*]" = "iPhone Developer";
				COPY_PHASE_STRIP = NO;
				DEBUG_INFORMATION_FORMAT = dwarf;
				EMBED_ASSET_PACKS_IN_PRODUCT_BUNDLE = NO;
				ENABLE_STRICT_OBJC_MSGSEND = YES;
				ENABLE_TESTABILITY = YES;
				GCC_C_LANGUAGE_STANDARD = gnu99;
				GCC_DYNAMIC_NO_PIC = NO;
				GCC_NO_COMMON_BLOCKS = YES;
				GCC_OPTIMIZATION_LEVEL = 0;
				GCC_PREPROCESSOR_DEFINITIONS = (
					"DEBUG=1",
					"$(inherited)",
				);
				GCC_WARN_64_TO_32_BIT_CONVERSION = YES;
				GCC_WARN_ABOUT_RETURN_TYPE = YES_ERROR;
				GCC_WARN_UNDECLARED_SELECTOR = YES;
				GCC_WARN_UNINITIALIZED_AUTOS = YES_AGGRESSIVE;
				GCC_WARN_UNUSED_FUNCTION = YES;
				GCC_WARN_UNUSED_VARIABLE = YES;
				IPHONEOS_DEPLOYMENT_TARGET = 8.0;
				MTL_ENABLE_DEBUG_INFO = YES;
				ONLY_ACTIVE_ARCH = YES;
				SDKROOT = iphoneos;
				SUPPORTED_PLATFORMS = "iphonesimulator iphoneos";
				SWIFT_OPTIMIZATION_LEVEL = "-Onone";
				TARGETED_DEVICE_FAMILY = "1,2";
			};
			name = Debug;
		};
		E9AA3AC41C6FAF6E0073C01A /* Release */ = {
			isa = XCBuildConfiguration;
			buildSettings = {
				ALWAYS_SEARCH_USER_PATHS = NO;
				CLANG_CXX_LANGUAGE_STANDARD = "gnu++0x";
				CLANG_CXX_LIBRARY = "libc++";
				CLANG_ENABLE_MODULES = YES;
				CLANG_ENABLE_OBJC_ARC = YES;
				CLANG_WARN_BOOL_CONVERSION = YES;
				CLANG_WARN_CONSTANT_CONVERSION = YES;
				CLANG_WARN_DIRECT_OBJC_ISA_USAGE = YES_ERROR;
				CLANG_WARN_EMPTY_BODY = YES;
				CLANG_WARN_ENUM_CONVERSION = YES;
				CLANG_WARN_INT_CONVERSION = YES;
				CLANG_WARN_OBJC_ROOT_CLASS = YES_ERROR;
				CLANG_WARN_UNREACHABLE_CODE = YES;
				CLANG_WARN__DUPLICATE_METHOD_MATCH = YES;
				"CODE_SIGN_IDENTITY[sdk=iphoneos*]" = "iPhone Developer";
				COPY_PHASE_STRIP = NO;
				DEBUG_INFORMATION_FORMAT = "dwarf-with-dsym";
				EMBED_ASSET_PACKS_IN_PRODUCT_BUNDLE = NO;
				ENABLE_NS_ASSERTIONS = NO;
				ENABLE_STRICT_OBJC_MSGSEND = YES;
				GCC_C_LANGUAGE_STANDARD = gnu99;
				GCC_NO_COMMON_BLOCKS = YES;
				GCC_WARN_64_TO_32_BIT_CONVERSION = YES;
				GCC_WARN_ABOUT_RETURN_TYPE = YES_ERROR;
				GCC_WARN_UNDECLARED_SELECTOR = YES;
				GCC_WARN_UNINITIALIZED_AUTOS = YES_AGGRESSIVE;
				GCC_WARN_UNUSED_FUNCTION = YES;
				GCC_WARN_UNUSED_VARIABLE = YES;
				IPHONEOS_DEPLOYMENT_TARGET = 8.0;
				MTL_ENABLE_DEBUG_INFO = NO;
				SDKROOT = iphoneos;
				SUPPORTED_PLATFORMS = "iphonesimulator iphoneos";
				TARGETED_DEVICE_FAMILY = "1,2";
				VALIDATE_PRODUCT = YES;
			};
			name = Release;
		};
		E9AA3AC61C6FAF6E0073C01A /* Debug */ = {
			isa = XCBuildConfiguration;
			buildSettings = {
				ASSETCATALOG_COMPILER_APPICON_NAME = AppIcon;
				CODE_SIGN_IDENTITY = "iPhone Developer";
				"CODE_SIGN_IDENTITY[sdk=iphoneos*]" = "iPhone Developer";
				EMBEDDED_CONTENT_CONTAINS_SWIFT = YES;
				INFOPLIST_FILE = iosPhonePe/Info.plist;
				IPHONEOS_DEPLOYMENT_TARGET = 8.0;
				LD_RUNPATH_SEARCH_PATHS = "$(inherited) @executable_path/Frameworks";
				PRODUCT_BUNDLE_IDENTIFIER = com.example.iosPhonePe;
				PRODUCT_NAME = "$(TARGET_NAME)";
				PROVISIONING_PROFILE = "";
				TARGETED_DEVICE_FAMILY = 1;
			};
			name = Debug;
		};
		E9AA3AC71C6FAF6E0073C01A /* Release */ = {
			isa = XCBuildConfiguration;
			buildSettings = {
				ASSETCATALOG_COMPILER_APPICON_NAME = AppIcon;
				CODE_SIGN_IDENTITY = "iPhone Developer";
				"CODE_SIGN_IDENTITY[sdk=iphoneos*]" = "iPhone Developer";
				EMBEDDED_CONTENT_CONTAINS_SWIFT = YES;
				INFOPLIST_FILE = iosPhonePe/Info.plist;
				IPHONEOS_DEPLOYMENT_TARGET = 8.0;
				LD_RUNPATH_SEARCH_PATHS = "$(inherited) @executable_path/Frameworks";
				PRODUCT_BUNDLE_IDENTIFIER = com.example.iosPhonePe;
				PRODUCT_NAME = "$(TARGET_NAME)";
				PROVISIONING_PROFILE = "";
				TARGETED_DEVICE_FAMILY = 1;
			};
			name = Release;
		};
		E9AA3AC91C6FAF6E0073C01A /* Debug */ = {
			isa = XCBuildConfiguration;
			buildSettings = {
				BUNDLE_LOADER = "$(TEST_HOST)";
				INFOPLIST_FILE = iosPhonePeTests/Info.plist;
				LD_RUNPATH_SEARCH_PATHS = "$(inherited) @executable_path/Frameworks @loader_path/Frameworks";
				PRODUCT_BUNDLE_IDENTIFIER = com.example.iosPhonePeTests;
				PRODUCT_NAME = "$(TARGET_NAME)";
				TEST_HOST = "$(BUILT_PRODUCTS_DIR)/iosPhonePe.app/iosPhonePe";
			};
			name = Debug;
		};
		E9AA3ACA1C6FAF6E0073C01A /* Release */ = {
			isa = XCBuildConfiguration;
			buildSettings = {
				BUNDLE_LOADER = "$(TEST_HOST)";
				INFOPLIST_FILE = iosPhonePeTests/Info.plist;
				LD_RUNPATH_SEARCH_PATHS = "$(inherited) @executable_path/Frameworks @loader_path/Frameworks";
				PRODUCT_BUNDLE_IDENTIFIER = com.example.iosPhonePeTests;
				PRODUCT_NAME = "$(TARGET_NAME)";
				TEST_HOST = "$(BUILT_PRODUCTS_DIR)/iosPhonePe.app/iosPhonePe";
			};
			name = Release;
		};
		E9AA3ACC1C6FAF6E0073C01A /* Debug */ = {
			isa = XCBuildConfiguration;
			buildSettings = {
				INFOPLIST_FILE = iosPhonePeUITests/Info.plist;
				LD_RUNPATH_SEARCH_PATHS = "$(inherited) @executable_path/Frameworks @loader_path/Frameworks";
				PRODUCT_BUNDLE_IDENTIFIER = com.example.iosPhonePeUITests;
				PRODUCT_NAME = "$(TARGET_NAME)";
				TEST_TARGET_NAME = iosPhonePe;
				USES_XCTRUNNER = YES;
			};
			name = Debug;
		};
		E9AA3ACD1C6FAF6E0073C01A /* Release */ = {
			isa = XCBuildConfiguration;
			buildSettings = {
				INFOPLIST_FILE = iosPhonePeUITests/Info.plist;
				LD_RUNPATH_SEARCH_PATHS = "$(inherited) @executable_path/Frameworks @loader_path/Frameworks";
				PRODUCT_BUNDLE_IDENTIFIER = com.example.iosPhonePeUITests;
				PRODUCT_NAME = "$(TARGET_NAME)";
				TEST_TARGET_NAME = iosPhonePe;
				USES_XCTRUNNER = YES;
			};
			name = Release;
		};
/* End XCBuildConfiguration section */

/* Begin XCConfigurationList section */
		E9AA3A981C6FAF6E0073C01A /* Build configuration list for PBXProject "iosPhonePe" */ = {
			isa = XCConfigurationList;
			buildConfigurations = (
				E9AA3AC31C6FAF6E0073C01A /* Debug */,
				E9AA3AC41C6FAF6E0073C01A /* Release */,
			);
			defaultConfigurationIsVisible = 0;
			defaultConfigurationName = Release;
		};
		E9AA3AC51C6FAF6E0073C01A /* Build configuration list for PBXNativeTarget "iosPhonePe" */ = {
			isa = XCConfigurationList;
			buildConfigurations = (
				E9AA3AC61C6FAF6E0073C01A /* Debug */,
				E9AA3AC71C6FAF6E0073C01A /* Release */,
			);
			defaultConfigurationIsVisible = 0;
			defaultConfigurationName = Release;
		};
		E9AA3AC81C6FAF6E0073C01A /* Build configuration list for PBXNativeTarget "iosPhonePeTests" */ = {
			isa = XCConfigurationList;
			buildConfigurations = (
				E9AA3AC91C6FAF6E0073C01A /* Debug */,
				E9AA3ACA1C6FAF6E0073C01A /* Release */,
			);
			defaultConfigurationIsVisible = 0;
			defaultConfigurationName = Release;
		};
		E9AA3ACB1C6FAF6E0073C01A /* Build configuration list for PBXNativeTarget "iosPhonePeUITests" */ = {
			isa = XCConfigurationList;
			buildConfigurations = (
				E9AA3ACC1C6FAF6E0073C01A /* Debug */,
				E9AA3ACD1C6FAF6E0073C01A /* Release */,
			);
			defaultConfigurationIsVisible = 0;
			defaultConfigurationName = Release;
		};
/* End XCConfigurationList section */
	};
	rootObject = E9AA3A951C6FAF6E0073C01A /* Project object */;
}
